
Microsoft Visual Studio Solution File, Format Version 12.00
# Visual Studio 15
VisualStudioVersion = 15.0.28307.329
MinimumVisualStudioVersion = 10.0.40219.1
Project("{9A19103F-16F7-4668-BE54-9A1E7A4F7556}") = "PartyInvites", "PartyInvites\PartyInvites.csproj", "{AA440830-1E0A-451C-B821-C7938825EB94}"
EndProject
Project("{FAE04EC0-301F-11D3-BF4B-00C04F79EFBC}") = "SportsStore", "SportsStore\SportsStore.csproj", "{F05D27E0-8DB9-4B39-9C0B-E9B445669058}"
EndProject
Global
	GlobalSection(SolutionConfigurationPlatforms) = preSolution
		Debug|Any CPU = Debug|Any CPU
		Release|Any CPU = Release|Any CPU
	EndGlobalSection
	GlobalSection(ProjectConfigurationPlatforms) = postSolution
		{AA440830-1E0A-451C-B821-C7938825EB94}.Debug|Any CPU.ActiveCfg = Debug|Any CPU
		{AA440830-1E0A-451C-B821-C7938825EB94}.Debug|Any CPU.Build.0 = Debug|Any CPU
		{AA440830-1E0A-451C-B821-C7938825EB94}.Release|Any CPU.ActiveCfg = Release|Any CPU
		{AA440830-1E0A-451C-B821-C7938825EB94}.Release|Any CPU.Build.0 = Release|Any CPU
		{F05D27E0-8DB9-4B39-9C0B-E9B445669058}.Debug|Any CPU.ActiveCfg = Debug|Any CPU
		{F05D27E0-8DB9-4B39-9C0B-E9B445669058}.Debug|Any CPU.Build.0 = Debug|Any CPU
		{F05D27E0-8DB9-4B39-9C0B-E9B445669058}.Release|Any CPU.ActiveCfg = Release|Any CPU
		{F05D27E0-8DB9-4B39-9C0B-E9B445669058}.Release|Any CPU.Build.0 = Release|Any CPU
	EndGlobalSection
	GlobalSection(SolutionProperties) = preSolution
		HideSolutionNode = FALSE
	EndGlobalSection
	GlobalSection(ExtensibilityGlobals) = postSolution
		SolutionGuid = {CA4FB626-362D-4209-94BD-281DBB9D66CF}
	EndGlobalSection
EndGlobal
